// !$*UTF8*$!
{
	archiveVersion = 1;
	classes = {
	};
	objectVersion = 55;
	objects = {

/* Begin PBXBuildFile section */
		698E133A684E906725448D48 /* Pods_SOSiety__macOS_.framework in Frameworks */ = {isa = PBXBuildFile; fileRef = A8BBBD2D45516AFBDBCA9123 /* Pods_SOSiety__macOS_.framework */; };
		7A4FF52B27BAB921007A2849 /* SettingsView.swift in Sources */ = {isa = PBXBuildFile; fileRef = 7A4FF52A27BAB921007A2849 /* SettingsView.swift */; };
		7A4FF52C27BAB921007A2849 /* SettingsView.swift in Sources */ = {isa = PBXBuildFile; fileRef = 7A4FF52A27BAB921007A2849 /* SettingsView.swift */; };
		7A8B647C27BAC0CB008A6D95 /* InformationView.swift in Sources */ = {isa = PBXBuildFile; fileRef = 7A8B647B27BAC0CB008A6D95 /* InformationView.swift */; };
		7A8B647D27BAC0CB008A6D95 /* InformationView.swift in Sources */ = {isa = PBXBuildFile; fileRef = 7A8B647B27BAC0CB008A6D95 /* InformationView.swift */; };
		7A8B648127BAC170008A6D95 /* Extensions.swift in Sources */ = {isa = PBXBuildFile; fileRef = 7A8B648027BAC170008A6D95 /* Extensions.swift */; };
		7A8B648227BAC170008A6D95 /* Extensions.swift in Sources */ = {isa = PBXBuildFile; fileRef = 7A8B648027BAC170008A6D95 /* Extensions.swift */; };
		7AAB3DCC27BFF983003BE885 /* ContactsViewModel.swift in Sources */ = {isa = PBXBuildFile; fileRef = 7AAB3DCB27BFF983003BE885 /* ContactsViewModel.swift */; };
		7AAB3DCD27BFF983003BE885 /* ContactsViewModel.swift in Sources */ = {isa = PBXBuildFile; fileRef = 7AAB3DCB27BFF983003BE885 /* ContactsViewModel.swift */; };
		7AAB3DD027BFF9A7003BE885 /* Models.swift in Sources */ = {isa = PBXBuildFile; fileRef = 7AAB3DCF27BFF9A7003BE885 /* Models.swift */; };
		7AAB3DD127BFF9A7003BE885 /* Models.swift in Sources */ = {isa = PBXBuildFile; fileRef = 7AAB3DCF27BFF9A7003BE885 /* Models.swift */; };
		7AAB3DD327BFFACB003BE885 /* ContactsListView.swift in Sources */ = {isa = PBXBuildFile; fileRef = 7AAB3DD227BFFACB003BE885 /* ContactsListView.swift */; };
		7AAB3DD427BFFACB003BE885 /* ContactsListView.swift in Sources */ = {isa = PBXBuildFile; fileRef = 7AAB3DD227BFFACB003BE885 /* ContactsListView.swift */; };
		7ABEBD9427B17CED00CE7C0A /* SOSietyApp.swift in Sources */ = {isa = PBXBuildFile; fileRef = 7ABEBD8427B17CEB00CE7C0A /* SOSietyApp.swift */; };
		7ABEBD9527B17CED00CE7C0A /* SOSietyApp.swift in Sources */ = {isa = PBXBuildFile; fileRef = 7ABEBD8427B17CEB00CE7C0A /* SOSietyApp.swift */; };
		7ABEBD9627B17CED00CE7C0A /* MainScreenView.swift in Sources */ = {isa = PBXBuildFile; fileRef = 7ABEBD8527B17CEB00CE7C0A /* MainScreenView.swift */; };
		7ABEBD9727B17CED00CE7C0A /* MainScreenView.swift in Sources */ = {isa = PBXBuildFile; fileRef = 7ABEBD8527B17CEB00CE7C0A /* MainScreenView.swift */; };
		7ABFD8A427B2FC3E00085FF9 /* SOSViewModel.swift in Sources */ = {isa = PBXBuildFile; fileRef = 7ABFD8A327B2FC3E00085FF9 /* SOSViewModel.swift */; };
		7ABFD8A527B2FC3E00085FF9 /* SOSViewModel.swift in Sources */ = {isa = PBXBuildFile; fileRef = 7ABFD8A327B2FC3E00085FF9 /* SOSViewModel.swift */; };
		7ACD78F627C01377002F334D /* Assets.xcassets in Resources */ = {isa = PBXBuildFile; fileRef = 7ACD78F527C01377002F334D /* Assets.xcassets */; };
		7ACD78F727C01377002F334D /* Assets.xcassets in Resources */ = {isa = PBXBuildFile; fileRef = 7ACD78F527C01377002F334D /* Assets.xcassets */; };
		7ACD78FF27C3E898002F334D /* BackgroundAnimationView.swift in Sources */ = {isa = PBXBuildFile; fileRef = 7ACD78FE27C3E898002F334D /* BackgroundAnimationView.swift */; };
		7ACD790027C3E898002F334D /* BackgroundAnimationView.swift in Sources */ = {isa = PBXBuildFile; fileRef = 7ACD78FE27C3E898002F334D /* BackgroundAnimationView.swift */; };
		8E479BDF27BFD4DD00DBA5DF /* InformationViewModel.swift in Sources */ = {isa = PBXBuildFile; fileRef = 8E479BDE27BFD4DD00DBA5DF /* InformationViewModel.swift */; };
		8E479BE027BFD4DD00DBA5DF /* InformationViewModel.swift in Sources */ = {isa = PBXBuildFile; fileRef = 8E479BDE27BFD4DD00DBA5DF /* InformationViewModel.swift */; };
		F4D6B7EACC075DF7320B6237 /* Pods_SOSiety__iOS_.framework in Frameworks */ = {isa = PBXBuildFile; fileRef = D0EAAA3D452A803857F3147B /* Pods_SOSiety__iOS_.framework */; };
		F5805B9C27C680A000A32480 /* FirstStartView.swift in Sources */ = {isa = PBXBuildFile; fileRef = F5805B9B27C6809F00A32480 /* FirstStartView.swift */; };
		F5805B9D27C680A000A32480 /* FirstStartView.swift in Sources */ = {isa = PBXBuildFile; fileRef = F5805B9B27C6809F00A32480 /* FirstStartView.swift */; };
/* End PBXBuildFile section */

/* Begin PBXFileReference section */
		3229BF2F28859A21305E74B2 /* Pods-SOSiety (macOS).debug.xcconfig */ = {isa = PBXFileReference; includeInIndex = 1; lastKnownFileType = text.xcconfig; name = "Pods-SOSiety (macOS).debug.xcconfig"; path = "Target Support Files/Pods-SOSiety (macOS)/Pods-SOSiety (macOS).debug.xcconfig"; sourceTree = "<group>"; };
		3EFF9D62745B9F78C158FC3F /* Pods-SOSiety (iOS).debug.xcconfig */ = {isa = PBXFileReference; includeInIndex = 1; lastKnownFileType = text.xcconfig; name = "Pods-SOSiety (iOS).debug.xcconfig"; path = "Target Support Files/Pods-SOSiety (iOS)/Pods-SOSiety (iOS).debug.xcconfig"; sourceTree = "<group>"; };
		7A4FF52A27BAB921007A2849 /* SettingsView.swift */ = {isa = PBXFileReference; lastKnownFileType = sourcecode.swift; path = SettingsView.swift; sourceTree = "<group>"; };
		7A8B647B27BAC0CB008A6D95 /* InformationView.swift */ = {isa = PBXFileReference; lastKnownFileType = sourcecode.swift; path = InformationView.swift; sourceTree = "<group>"; };
		7A8B648027BAC170008A6D95 /* Extensions.swift */ = {isa = PBXFileReference; lastKnownFileType = sourcecode.swift; path = Extensions.swift; sourceTree = "<group>"; };
		7AAB3DCB27BFF983003BE885 /* ContactsViewModel.swift */ = {isa = PBXFileReference; lastKnownFileType = sourcecode.swift; path = ContactsViewModel.swift; sourceTree = "<group>"; };
		7AAB3DCF27BFF9A7003BE885 /* Models.swift */ = {isa = PBXFileReference; lastKnownFileType = sourcecode.swift; path = Models.swift; sourceTree = "<group>"; };
		7AAB3DD227BFFACB003BE885 /* ContactsListView.swift */ = {isa = PBXFileReference; lastKnownFileType = sourcecode.swift; path = ContactsListView.swift; sourceTree = "<group>"; };
		7ABEBD8427B17CEB00CE7C0A /* SOSietyApp.swift */ = {isa = PBXFileReference; lastKnownFileType = sourcecode.swift; path = SOSietyApp.swift; sourceTree = "<group>"; };
		7ABEBD8527B17CEB00CE7C0A /* MainScreenView.swift */ = {isa = PBXFileReference; lastKnownFileType = sourcecode.swift; path = MainScreenView.swift; sourceTree = "<group>"; };
		7ABEBD8B27B17CED00CE7C0A /* SOSiety.app */ = {isa = PBXFileReference; explicitFileType = wrapper.application; includeInIndex = 0; path = SOSiety.app; sourceTree = BUILT_PRODUCTS_DIR; };
		7ABEBD9127B17CED00CE7C0A /* SOSiety.app */ = {isa = PBXFileReference; explicitFileType = wrapper.application; includeInIndex = 0; path = SOSiety.app; sourceTree = BUILT_PRODUCTS_DIR; };
		7ABFD8A327B2FC3E00085FF9 /* SOSViewModel.swift */ = {isa = PBXFileReference; lastKnownFileType = sourcecode.swift; path = SOSViewModel.swift; sourceTree = "<group>"; };
		7ACD78F527C01377002F334D /* Assets.xcassets */ = {isa = PBXFileReference; lastKnownFileType = folder.assetcatalog; path = Assets.xcassets; sourceTree = "<group>"; };
		7ACD78FE27C3E898002F334D /* BackgroundAnimationView.swift */ = {isa = PBXFileReference; lastKnownFileType = sourcecode.swift; path = BackgroundAnimationView.swift; sourceTree = "<group>"; };
		8E479BDE27BFD4DD00DBA5DF /* InformationViewModel.swift */ = {isa = PBXFileReference; lastKnownFileType = sourcecode.swift; path = InformationViewModel.swift; sourceTree = "<group>"; };
		9C80116F878EE929331CE744 /* Pods-SOSiety (macOS).release.xcconfig */ = {isa = PBXFileReference; includeInIndex = 1; lastKnownFileType = text.xcconfig; name = "Pods-SOSiety (macOS).release.xcconfig"; path = "Target Support Files/Pods-SOSiety (macOS)/Pods-SOSiety (macOS).release.xcconfig"; sourceTree = "<group>"; };
		A8BBBD2D45516AFBDBCA9123 /* Pods_SOSiety__macOS_.framework */ = {isa = PBXFileReference; explicitFileType = wrapper.framework; includeInIndex = 0; path = Pods_SOSiety__macOS_.framework; sourceTree = BUILT_PRODUCTS_DIR; };
		ACC88EA62F19D2C3A896289A /* Pods-SOSiety (iOS).release.xcconfig */ = {isa = PBXFileReference; includeInIndex = 1; lastKnownFileType = text.xcconfig; name = "Pods-SOSiety (iOS).release.xcconfig"; path = "Target Support Files/Pods-SOSiety (iOS)/Pods-SOSiety (iOS).release.xcconfig"; sourceTree = "<group>"; };
		D0EAAA3D452A803857F3147B /* Pods_SOSiety__iOS_.framework */ = {isa = PBXFileReference; explicitFileType = wrapper.framework; includeInIndex = 0; path = Pods_SOSiety__iOS_.framework; sourceTree = BUILT_PRODUCTS_DIR; };
		F5805B9B27C6809F00A32480 /* FirstStartView.swift */ = {isa = PBXFileReference; lastKnownFileType = sourcecode.swift; path = FirstStartView.swift; sourceTree = "<group>"; };
/* End PBXFileReference section */

/* Begin PBXFrameworksBuildPhase section */
		7ABEBD8827B17CED00CE7C0A /* Frameworks */ = {
			isa = PBXFrameworksBuildPhase;
			buildActionMask = 2147483647;
			files = (
				F4D6B7EACC075DF7320B6237 /* Pods_SOSiety__iOS_.framework in Frameworks */,
			);
			runOnlyForDeploymentPostprocessing = 0;
		};
		7ABEBD8E27B17CED00CE7C0A /* Frameworks */ = {
			isa = PBXFrameworksBuildPhase;
			buildActionMask = 2147483647;
			files = (
				698E133A684E906725448D48 /* Pods_SOSiety__macOS_.framework in Frameworks */,
			);
			runOnlyForDeploymentPostprocessing = 0;
		};
/* End PBXFrameworksBuildPhase section */

/* Begin PBXGroup section */
		097457EF9D7C132B36538902 /* Pods */ = {
			isa = PBXGroup;
			children = (
				3EFF9D62745B9F78C158FC3F /* Pods-SOSiety (iOS).debug.xcconfig */,
				ACC88EA62F19D2C3A896289A /* Pods-SOSiety (iOS).release.xcconfig */,
				3229BF2F28859A21305E74B2 /* Pods-SOSiety (macOS).debug.xcconfig */,
				9C80116F878EE929331CE744 /* Pods-SOSiety (macOS).release.xcconfig */,
			);
			path = Pods;
			sourceTree = "<group>";
		};
		254EA47A58D3EBBC464113FF /* Frameworks */ = {
			isa = PBXGroup;
			children = (
				D0EAAA3D452A803857F3147B /* Pods_SOSiety__iOS_.framework */,
				A8BBBD2D45516AFBDBCA9123 /* Pods_SOSiety__macOS_.framework */,
			);
			name = Frameworks;
			sourceTree = "<group>";
		};
		7A8B647E27BAC10B008A6D95 /* ViewModels */ = {
			isa = PBXGroup;
			children = (
				7ABFD8A327B2FC3E00085FF9 /* SOSViewModel.swift */,
				7AAB3DCB27BFF983003BE885 /* ContactsViewModel.swift */,
				8E479BDE27BFD4DD00DBA5DF /* InformationViewModel.swift */,
			);
			path = ViewModels;
			sourceTree = "<group>";
		};
		7A8B647F27BAC110008A6D95 /* Views */ = {
			isa = PBXGroup;
			children = (
				7ABEBD8527B17CEB00CE7C0A /* MainScreenView.swift */,
				7ACD78FE27C3E898002F334D /* BackgroundAnimationView.swift */,
				7A8B647B27BAC0CB008A6D95 /* InformationView.swift */,
				F5805B9B27C6809F00A32480 /* FirstStartView.swift */,
				7A4FF52A27BAB921007A2849 /* SettingsView.swift */,
				7AAB3DD227BFFACB003BE885 /* ContactsListView.swift */,
			);
			path = Views;
			sourceTree = "<group>";
		};
		7AAB3DCE27BFF988003BE885 /* Models */ = {
			isa = PBXGroup;
			children = (
				7AAB3DCF27BFF9A7003BE885 /* Models.swift */,
			);
			path = Models;
			sourceTree = "<group>";
		};
		7ABEBD7E27B17CEB00CE7C0A = {
			isa = PBXGroup;
			children = (
				7ABEBD8327B17CEB00CE7C0A /* Shared */,
				7ABEBD8C27B17CED00CE7C0A /* Products */,
				097457EF9D7C132B36538902 /* Pods */,
				254EA47A58D3EBBC464113FF /* Frameworks */,
			);
			sourceTree = "<group>";
		};
		7ABEBD8327B17CEB00CE7C0A /* Shared */ = {
			isa = PBXGroup;
			children = (
				7ACD78F527C01377002F334D /* Assets.xcassets */,
				7ABEBD8427B17CEB00CE7C0A /* SOSietyApp.swift */,
				7A8B648027BAC170008A6D95 /* Extensions.swift */,
				7A8B647F27BAC110008A6D95 /* Views */,
				7A8B647E27BAC10B008A6D95 /* ViewModels */,
				7AAB3DCE27BFF988003BE885 /* Models */,
			);
			path = Shared;
			sourceTree = "<group>";
		};
		7ABEBD8C27B17CED00CE7C0A /* Products */ = {
			isa = PBXGroup;
			children = (
				7ABEBD8B27B17CED00CE7C0A /* SOSiety.app */,
				7ABEBD9127B17CED00CE7C0A /* SOSiety.app */,
			);
			name = Products;
			sourceTree = "<group>";
		};
/* End PBXGroup section */

/* Begin PBXNativeTarget section */
		7ABEBD8A27B17CED00CE7C0A /* SOSiety (iOS) */ = {
			isa = PBXNativeTarget;
			buildConfigurationList = 7ABEBD9C27B17CED00CE7C0A /* Build configuration list for PBXNativeTarget "SOSiety (iOS)" */;
			buildPhases = (
				DE10878B36F977082F696BF3 /* [CP] Check Pods Manifest.lock */,
				7ABEBD8727B17CED00CE7C0A /* Sources */,
				7ABEBD8827B17CED00CE7C0A /* Frameworks */,
				7ABEBD8927B17CED00CE7C0A /* Resources */,
				13F0747A419A4C2F671E3230 /* [CP] Embed Pods Frameworks */,
			);
			buildRules = (
			);
			dependencies = (
			);
			name = "SOSiety (iOS)";
			productName = "SOSiety (iOS)";
			productReference = 7ABEBD8B27B17CED00CE7C0A /* SOSiety.app */;
			productType = "com.apple.product-type.application";
		};
		7ABEBD9027B17CED00CE7C0A /* SOSiety (macOS) */ = {
			isa = PBXNativeTarget;
			buildConfigurationList = 7ABEBD9F27B17CED00CE7C0A /* Build configuration list for PBXNativeTarget "SOSiety (macOS)" */;
			buildPhases = (
				592F2C9F28EBEB9FE64325D7 /* [CP] Check Pods Manifest.lock */,
				7ABEBD8D27B17CED00CE7C0A /* Sources */,
				7ABEBD8E27B17CED00CE7C0A /* Frameworks */,
				7ABEBD8F27B17CED00CE7C0A /* Resources */,
			);
			buildRules = (
			);
			dependencies = (
			);
			name = "SOSiety (macOS)";
			productName = "SOSiety (macOS)";
			productReference = 7ABEBD9127B17CED00CE7C0A /* SOSiety.app */;
			productType = "com.apple.product-type.application";
		};
/* End PBXNativeTarget section */

/* Begin PBXProject section */
		7ABEBD7F27B17CEB00CE7C0A /* Project object */ = {
			isa = PBXProject;
			attributes = {
				BuildIndependentTargetsInParallel = 1;
				LastSwiftUpdateCheck = 1320;
				LastUpgradeCheck = 1320;
				TargetAttributes = {
					7ABEBD8A27B17CED00CE7C0A = {
						CreatedOnToolsVersion = 13.2.1;
					};
					7ABEBD9027B17CED00CE7C0A = {
						CreatedOnToolsVersion = 13.2.1;
					};
				};
			};
			buildConfigurationList = 7ABEBD8227B17CEB00CE7C0A /* Build configuration list for PBXProject "SOSiety" */;
			compatibilityVersion = "Xcode 13.0";
			developmentRegion = en;
			hasScannedForEncodings = 0;
			knownRegions = (
				en,
				Base,
			);
			mainGroup = 7ABEBD7E27B17CEB00CE7C0A;
			productRefGroup = 7ABEBD8C27B17CED00CE7C0A /* Products */;
			projectDirPath = "";
			projectRoot = "";
			targets = (
				7ABEBD8A27B17CED00CE7C0A /* SOSiety (iOS) */,
				7ABEBD9027B17CED00CE7C0A /* SOSiety (macOS) */,
			);
		};
/* End PBXProject section */

/* Begin PBXResourcesBuildPhase section */
		7ABEBD8927B17CED00CE7C0A /* Resources */ = {
			isa = PBXResourcesBuildPhase;
			buildActionMask = 2147483647;
			files = (
				7ACD78F627C01377002F334D /* Assets.xcassets in Resources */,
			);
			runOnlyForDeploymentPostprocessing = 0;
		};
		7ABEBD8F27B17CED00CE7C0A /* Resources */ = {
			isa = PBXResourcesBuildPhase;
			buildActionMask = 2147483647;
			files = (
				7ACD78F727C01377002F334D /* Assets.xcassets in Resources */,
			);
			runOnlyForDeploymentPostprocessing = 0;
		};
/* End PBXResourcesBuildPhase section */

/* Begin PBXShellScriptBuildPhase section */
		13F0747A419A4C2F671E3230 /* [CP] Embed Pods Frameworks */ = {
			isa = PBXShellScriptBuildPhase;
			buildActionMask = 2147483647;
			files = (
			);
			inputFileListPaths = (
				"${PODS_ROOT}/Target Support Files/Pods-SOSiety (iOS)/Pods-SOSiety (iOS)-frameworks-${CONFIGURATION}-input-files.xcfilelist",
			);
			name = "[CP] Embed Pods Frameworks";
			outputFileListPaths = (
				"${PODS_ROOT}/Target Support Files/Pods-SOSiety (iOS)/Pods-SOSiety (iOS)-frameworks-${CONFIGURATION}-output-files.xcfilelist",
			);
			runOnlyForDeploymentPostprocessing = 0;
			shellPath = /bin/sh;
			shellScript = "\"${PODS_ROOT}/Target Support Files/Pods-SOSiety (iOS)/Pods-SOSiety (iOS)-frameworks.sh\"\n";
			showEnvVarsInLog = 0;
		};
		592F2C9F28EBEB9FE64325D7 /* [CP] Check Pods Manifest.lock */ = {
			isa = PBXShellScriptBuildPhase;
			buildActionMask = 2147483647;
			files = (
			);
			inputFileListPaths = (
			);
			inputPaths = (
				"${PODS_PODFILE_DIR_PATH}/Podfile.lock",
				"${PODS_ROOT}/Manifest.lock",
			);
			name = "[CP] Check Pods Manifest.lock";
			outputFileListPaths = (
			);
			outputPaths = (
				"$(DERIVED_FILE_DIR)/Pods-SOSiety (macOS)-checkManifestLockResult.txt",
			);
			runOnlyForDeploymentPostprocessing = 0;
			shellPath = /bin/sh;
			shellScript = "diff \"${PODS_PODFILE_DIR_PATH}/Podfile.lock\" \"${PODS_ROOT}/Manifest.lock\" > /dev/null\nif [ $? != 0 ] ; then\n    # print error to STDERR\n    echo \"error: The sandbox is not in sync with the Podfile.lock. Run 'pod install' or update your CocoaPods installation.\" >&2\n    exit 1\nfi\n# This output is used by Xcode 'outputs' to avoid re-running this script phase.\necho \"SUCCESS\" > \"${SCRIPT_OUTPUT_FILE_0}\"\n";
			showEnvVarsInLog = 0;
		};
		DE10878B36F977082F696BF3 /* [CP] Check Pods Manifest.lock */ = {
			isa = PBXShellScriptBuildPhase;
			buildActionMask = 2147483647;
			files = (
			);
			inputFileListPaths = (
			);
			inputPaths = (
				"${PODS_PODFILE_DIR_PATH}/Podfile.lock",
				"${PODS_ROOT}/Manifest.lock",
			);
			name = "[CP] Check Pods Manifest.lock";
			outputFileListPaths = (
			);
			outputPaths = (
				"$(DERIVED_FILE_DIR)/Pods-SOSiety (iOS)-checkManifestLockResult.txt",
			);
			runOnlyForDeploymentPostprocessing = 0;
			shellPath = /bin/sh;
			shellScript = "diff \"${PODS_PODFILE_DIR_PATH}/Podfile.lock\" \"${PODS_ROOT}/Manifest.lock\" > /dev/null\nif [ $? != 0 ] ; then\n    # print error to STDERR\n    echo \"error: The sandbox is not in sync with the Podfile.lock. Run 'pod install' or update your CocoaPods installation.\" >&2\n    exit 1\nfi\n# This output is used by Xcode 'outputs' to avoid re-running this script phase.\necho \"SUCCESS\" > \"${SCRIPT_OUTPUT_FILE_0}\"\n";
			showEnvVarsInLog = 0;
		};
/* End PBXShellScriptBuildPhase section */

/* Begin PBXSourcesBuildPhase section */
		7ABEBD8727B17CED00CE7C0A /* Sources */ = {
			isa = PBXSourcesBuildPhase;
			buildActionMask = 2147483647;
			files = (
				7A8B647C27BAC0CB008A6D95 /* InformationView.swift in Sources */,
				7A8B648127BAC170008A6D95 /* Extensions.swift in Sources */,
				7AAB3DD027BFF9A7003BE885 /* Models.swift in Sources */,
				7AAB3DD327BFFACB003BE885 /* ContactsListView.swift in Sources */,
				7ACD78FF27C3E898002F334D /* BackgroundAnimationView.swift in Sources */,
				7ABEBD9627B17CED00CE7C0A /* MainScreenView.swift in Sources */,
				7A4FF52B27BAB921007A2849 /* SettingsView.swift in Sources */,
				7ABEBD9427B17CED00CE7C0A /* SOSietyApp.swift in Sources */,
				F5805B9C27C680A000A32480 /* FirstStartView.swift in Sources */,
				7AAB3DCC27BFF983003BE885 /* ContactsViewModel.swift in Sources */,
				7ABFD8A427B2FC3E00085FF9 /* SOSViewModel.swift in Sources */,
				8E479BDF27BFD4DD00DBA5DF /* InformationViewModel.swift in Sources */,
			);
			runOnlyForDeploymentPostprocessing = 0;
		};
		7ABEBD8D27B17CED00CE7C0A /* Sources */ = {
			isa = PBXSourcesBuildPhase;
			buildActionMask = 2147483647;
			files = (
				7A8B647D27BAC0CB008A6D95 /* InformationView.swift in Sources */,
				7A8B648227BAC170008A6D95 /* Extensions.swift in Sources */,
				7AAB3DD127BFF9A7003BE885 /* Models.swift in Sources */,
				7AAB3DD427BFFACB003BE885 /* ContactsListView.swift in Sources */,
				7ACD790027C3E898002F334D /* BackgroundAnimationView.swift in Sources */,
				7ABEBD9727B17CED00CE7C0A /* MainScreenView.swift in Sources */,
				7A4FF52C27BAB921007A2849 /* SettingsView.swift in Sources */,
				7ABEBD9527B17CED00CE7C0A /* SOSietyApp.swift in Sources */,
				F5805B9D27C680A000A32480 /* FirstStartView.swift in Sources */,
				7AAB3DCD27BFF983003BE885 /* ContactsViewModel.swift in Sources */,
				7ABFD8A527B2FC3E00085FF9 /* SOSViewModel.swift in Sources */,
				8E479BE027BFD4DD00DBA5DF /* InformationViewModel.swift in Sources */,
			);
			runOnlyForDeploymentPostprocessing = 0;
		};
/* End PBXSourcesBuildPhase section */

/* Begin XCBuildConfiguration section */
		7ABEBD9A27B17CED00CE7C0A /* Debug */ = {
			isa = XCBuildConfiguration;
			buildSettings = {
				ALWAYS_SEARCH_USER_PATHS = NO;
				CLANG_ANALYZER_NONNULL = YES;
				CLANG_ANALYZER_NUMBER_OBJECT_CONVERSION = YES_AGGRESSIVE;
				CLANG_CXX_LANGUAGE_STANDARD = "gnu++17";
				CLANG_CXX_LIBRARY = "libc++";
				CLANG_ENABLE_MODULES = YES;
				CLANG_ENABLE_OBJC_ARC = YES;
				CLANG_ENABLE_OBJC_WEAK = YES;
				CLANG_WARN_BLOCK_CAPTURE_AUTORELEASING = YES;
				CLANG_WARN_BOOL_CONVERSION = YES;
				CLANG_WARN_COMMA = YES;
				CLANG_WARN_CONSTANT_CONVERSION = YES;
				CLANG_WARN_DEPRECATED_OBJC_IMPLEMENTATIONS = YES;
				CLANG_WARN_DIRECT_OBJC_ISA_USAGE = YES_ERROR;
				CLANG_WARN_DOCUMENTATION_COMMENTS = YES;
				CLANG_WARN_EMPTY_BODY = YES;
				CLANG_WARN_ENUM_CONVERSION = YES;
				CLANG_WARN_INFINITE_RECURSION = YES;
				CLANG_WARN_INT_CONVERSION = YES;
				CLANG_WARN_NON_LITERAL_NULL_CONVERSION = YES;
				CLANG_WARN_OBJC_IMPLICIT_RETAIN_SELF = YES;
				CLANG_WARN_OBJC_LITERAL_CONVERSION = YES;
				CLANG_WARN_OBJC_ROOT_CLASS = YES_ERROR;
				CLANG_WARN_QUOTED_INCLUDE_IN_FRAMEWORK_HEADER = YES;
				CLANG_WARN_RANGE_LOOP_ANALYSIS = YES;
				CLANG_WARN_STRICT_PROTOTYPES = YES;
				CLANG_WARN_SUSPICIOUS_MOVE = YES;
				CLANG_WARN_UNGUARDED_AVAILABILITY = YES_AGGRESSIVE;
				CLANG_WARN_UNREACHABLE_CODE = YES;
				CLANG_WARN__DUPLICATE_METHOD_MATCH = YES;
				COPY_PHASE_STRIP = NO;
				DEBUG_INFORMATION_FORMAT = dwarf;
				ENABLE_STRICT_OBJC_MSGSEND = YES;
				ENABLE_TESTABILITY = YES;
				GCC_C_LANGUAGE_STANDARD = gnu11;
				GCC_DYNAMIC_NO_PIC = NO;
				GCC_NO_COMMON_BLOCKS = YES;
				GCC_OPTIMIZATION_LEVEL = 0;
				GCC_PREPROCESSOR_DEFINITIONS = (
					"DEBUG=1",
					"$(inherited)",
				);
				GCC_WARN_64_TO_32_BIT_CONVERSION = YES;
				GCC_WARN_ABOUT_RETURN_TYPE = YES_ERROR;
				GCC_WARN_UNDECLARED_SELECTOR = YES;
				GCC_WARN_UNINITIALIZED_AUTOS = YES_AGGRESSIVE;
				GCC_WARN_UNUSED_FUNCTION = YES;
				GCC_WARN_UNUSED_VARIABLE = YES;
				MTL_ENABLE_DEBUG_INFO = INCLUDE_SOURCE;
				MTL_FAST_MATH = YES;
				ONLY_ACTIVE_ARCH = YES;
				SWIFT_ACTIVE_COMPILATION_CONDITIONS = DEBUG;
				SWIFT_OPTIMIZATION_LEVEL = "-Onone";
			};
			name = Debug;
		};
		7ABEBD9B27B17CED00CE7C0A /* Release */ = {
			isa = XCBuildConfiguration;
			buildSettings = {
				ALWAYS_SEARCH_USER_PATHS = NO;
				CLANG_ANALYZER_NONNULL = YES;
				CLANG_ANALYZER_NUMBER_OBJECT_CONVERSION = YES_AGGRESSIVE;
				CLANG_CXX_LANGUAGE_STANDARD = "gnu++17";
				CLANG_CXX_LIBRARY = "libc++";
				CLANG_ENABLE_MODULES = YES;
				CLANG_ENABLE_OBJC_ARC = YES;
				CLANG_ENABLE_OBJC_WEAK = YES;
				CLANG_WARN_BLOCK_CAPTURE_AUTORELEASING = YES;
				CLANG_WARN_BOOL_CONVERSION = YES;
				CLANG_WARN_COMMA = YES;
				CLANG_WARN_CONSTANT_CONVERSION = YES;
				CLANG_WARN_DEPRECATED_OBJC_IMPLEMENTATIONS = YES;
				CLANG_WARN_DIRECT_OBJC_ISA_USAGE = YES_ERROR;
				CLANG_WARN_DOCUMENTATION_COMMENTS = YES;
				CLANG_WARN_EMPTY_BODY = YES;
				CLANG_WARN_ENUM_CONVERSION = YES;
				CLANG_WARN_INFINITE_RECURSION = YES;
				CLANG_WARN_INT_CONVERSION = YES;
				CLANG_WARN_NON_LITERAL_NULL_CONVERSION = YES;
				CLANG_WARN_OBJC_IMPLICIT_RETAIN_SELF = YES;
				CLANG_WARN_OBJC_LITERAL_CONVERSION = YES;
				CLANG_WARN_OBJC_ROOT_CLASS = YES_ERROR;
				CLANG_WARN_QUOTED_INCLUDE_IN_FRAMEWORK_HEADER = YES;
				CLANG_WARN_RANGE_LOOP_ANALYSIS = YES;
				CLANG_WARN_STRICT_PROTOTYPES = YES;
				CLANG_WARN_SUSPICIOUS_MOVE = YES;
				CLANG_WARN_UNGUARDED_AVAILABILITY = YES_AGGRESSIVE;
				CLANG_WARN_UNREACHABLE_CODE = YES;
				CLANG_WARN__DUPLICATE_METHOD_MATCH = YES;
				COPY_PHASE_STRIP = NO;
				DEBUG_INFORMATION_FORMAT = "dwarf-with-dsym";
				ENABLE_NS_ASSERTIONS = NO;
				ENABLE_STRICT_OBJC_MSGSEND = YES;
				GCC_C_LANGUAGE_STANDARD = gnu11;
				GCC_NO_COMMON_BLOCKS = YES;
				GCC_WARN_64_TO_32_BIT_CONVERSION = YES;
				GCC_WARN_ABOUT_RETURN_TYPE = YES_ERROR;
				GCC_WARN_UNDECLARED_SELECTOR = YES;
				GCC_WARN_UNINITIALIZED_AUTOS = YES_AGGRESSIVE;
				GCC_WARN_UNUSED_FUNCTION = YES;
				GCC_WARN_UNUSED_VARIABLE = YES;
				MTL_ENABLE_DEBUG_INFO = NO;
				MTL_FAST_MATH = YES;
				SWIFT_COMPILATION_MODE = wholemodule;
				SWIFT_OPTIMIZATION_LEVEL = "-O";
			};
			name = Release;
		};
		7ABEBD9D27B17CED00CE7C0A /* Debug */ = {
			isa = XCBuildConfiguration;
			baseConfigurationReference = 3EFF9D62745B9F78C158FC3F /* Pods-SOSiety (iOS).debug.xcconfig */;
			buildSettings = {
				ASSETCATALOG_COMPILER_APPICON_NAME = AppIcon;
				ASSETCATALOG_COMPILER_GLOBAL_ACCENT_COLOR_NAME = AccentColor;
				CODE_SIGN_STYLE = Automatic;
				CURRENT_PROJECT_VERSION = 2;
				DEVELOPMENT_TEAM = 7S49FN692J;
				ENABLE_PREVIEWS = YES;
				GENERATE_INFOPLIST_FILE = YES;
				INFOPLIST_KEY_NSContactsUsageDescription = "Uploading your contacts allows you to send notifications to the selected ones";
				INFOPLIST_KEY_NSLocationWhenInUseUsageDescription = "We request access to geolocation to inform selected contacts of your current location.";
				INFOPLIST_KEY_UIApplicationSceneManifest_Generation = YES;
				INFOPLIST_KEY_UIApplicationSupportsIndirectInputEvents = YES;
				INFOPLIST_KEY_UILaunchScreen_Generation = YES;
				INFOPLIST_KEY_UISupportedInterfaceOrientations = UIInterfaceOrientationPortrait;
				INFOPLIST_KEY_UISupportedInterfaceOrientations_iPad = UIInterfaceOrientationPortrait;
				INFOPLIST_KEY_UISupportedInterfaceOrientations_iPhone = UIInterfaceOrientationPortrait;
				IPHONEOS_DEPLOYMENT_TARGET = 15.2;
				LD_RUNPATH_SEARCH_PATHS = (
					"$(inherited)",
					"@executable_path/Frameworks",
				);
				MARKETING_VERSION = 1.0;
				PRODUCT_BUNDLE_IDENTIFIER = triangle.cross.SOSiety;
				PRODUCT_NAME = SOSiety;
				SDKROOT = iphoneos;
				SWIFT_EMIT_LOC_STRINGS = YES;
				SWIFT_VERSION = 5.0;
				TARGETED_DEVICE_FAMILY = 1;
			};
			name = Debug;
		};
		7ABEBD9E27B17CED00CE7C0A /* Release */ = {
			isa = XCBuildConfiguration;
			baseConfigurationReference = ACC88EA62F19D2C3A896289A /* Pods-SOSiety (iOS).release.xcconfig */;
			buildSettings = {
				ASSETCATALOG_COMPILER_APPICON_NAME = AppIcon;
				ASSETCATALOG_COMPILER_GLOBAL_ACCENT_COLOR_NAME = AccentColor;
				CODE_SIGN_STYLE = Automatic;
				CURRENT_PROJECT_VERSION = 2;
				DEVELOPMENT_TEAM = 7S49FN692J;
				ENABLE_PREVIEWS = YES;
				GENERATE_INFOPLIST_FILE = YES;
				INFOPLIST_KEY_NSContactsUsageDescription = "Uploading your contacts allows you to send notifications to the selected ones";
				INFOPLIST_KEY_NSLocationWhenInUseUsageDescription = "We request access to geolocation to inform selected contacts of your current location.";
				INFOPLIST_KEY_UIApplicationSceneManifest_Generation = YES;
				INFOPLIST_KEY_UIApplicationSupportsIndirectInputEvents = YES;
				INFOPLIST_KEY_UILaunchScreen_Generation = YES;
				INFOPLIST_KEY_UISupportedInterfaceOrientations = UIInterfaceOrientationPortrait;
				INFOPLIST_KEY_UISupportedInterfaceOrientations_iPad = UIInterfaceOrientationPortrait;
				INFOPLIST_KEY_UISupportedInterfaceOrientations_iPhone = UIInterfaceOrientationPortrait;
				IPHONEOS_DEPLOYMENT_TARGET = 15.2;
				LD_RUNPATH_SEARCH_PATHS = (
					"$(inherited)",
					"@executable_path/Frameworks",
				);
				MARKETING_VERSION = 1.0;
				PRODUCT_BUNDLE_IDENTIFIER = triangle.cross.SOSiety;
				PRODUCT_NAME = SOSiety;
				SDKROOT = iphoneos;
				SWIFT_EMIT_LOC_STRINGS = YES;
				SWIFT_VERSION = 5.0;
				TARGETED_DEVICE_FAMILY = 1;
				VALIDATE_PRODUCT = YES;
			};
			name = Release;
		};
		7ABEBDA027B17CED00CE7C0A /* Debug */ = {
			isa = XCBuildConfiguration;
			baseConfigurationReference = 3229BF2F28859A21305E74B2 /* Pods-SOSiety (macOS).debug.xcconfig */;
			buildSettings = {
				ASSETCATALOG_COMPILER_APPICON_NAME = AppIcon;
				ASSETCATALOG_COMPILER_GLOBAL_ACCENT_COLOR_NAME = AccentColor;
				CODE_SIGN_ENTITLEMENTS = macOS/macOS.entitlements;
				CODE_SIGN_IDENTITY = "-";
				CODE_SIGN_STYLE = Automatic;
				COMBINE_HIDPI_IMAGES = YES;
				CURRENT_PROJECT_VERSION = 1;
				DEVELOPMENT_TEAM = F2MVF3GV3N;
				ENABLE_HARDENED_RUNTIME = YES;
				ENABLE_PREVIEWS = YES;
				GENERATE_INFOPLIST_FILE = YES;
				INFOPLIST_KEY_NSHumanReadableCopyright = "";
				LD_RUNPATH_SEARCH_PATHS = (
					"$(inherited)",
					"@executable_path/../Frameworks",
				);
				MACOSX_DEPLOYMENT_TARGET = 12.1;
				MARKETING_VERSION = 1.0;
				PRODUCT_BUNDLE_IDENTIFIER = triangle.cross.SOSiety;
				PRODUCT_NAME = SOSiety;
				SDKROOT = macosx;
				SWIFT_EMIT_LOC_STRINGS = YES;
				SWIFT_VERSION = 5.0;
			};
			name = Debug;
		};
		7ABEBDA127B17CED00CE7C0A /* Release */ = {
			isa = XCBuildConfiguration;
			baseConfigurationReference = 9C80116F878EE929331CE744 /* Pods-SOSiety (macOS).release.xcconfig */;
			buildSettings = {
				ASSETCATALOG_COMPILER_APPICON_NAME = AppIcon;
				ASSETCATALOG_COMPILER_GLOBAL_ACCENT_COLOR_NAME = AccentColor;
				CODE_SIGN_ENTITLEMENTS = macOS/macOS.entitlements;
				CODE_SIGN_IDENTITY = "-";
				CODE_SIGN_STYLE = Automatic;
				COMBINE_HIDPI_IMAGES = YES;
				CURRENT_PROJECT_VERSION = 1;
				DEVELOPMENT_TEAM = F2MVF3GV3N;
				ENABLE_HARDENED_RUNTIME = YES;
				ENABLE_PREVIEWS = YES;
				GENERATE_INFOPLIST_FILE = YES;
				INFOPLIST_KEY_NSHumanReadableCopyright = "";
				LD_RUNPATH_SEARCH_PATHS = (
					"$(inherited)",
					"@executable_path/../Frameworks",
				);
				MACOSX_DEPLOYMENT_TARGET = 12.1;
				MARKETING_VERSION = 1.0;
				PRODUCT_BUNDLE_IDENTIFIER = triangle.cross.SOSiety;
				PRODUCT_NAME = SOSiety;
				SDKROOT = macosx;
				SWIFT_EMIT_LOC_STRINGS = YES;
				SWIFT_VERSION = 5.0;
			};
			name = Release;
		};
/* End XCBuildConfiguration section */

/* Begin XCConfigurationList section */
		7ABEBD8227B17CEB00CE7C0A /* Build configuration list for PBXProject "SOSiety" */ = {
			isa = XCConfigurationList;
			buildConfigurations = (
				7ABEBD9A27B17CED00CE7C0A /* Debug */,
				7ABEBD9B27B17CED00CE7C0A /* Release */,
			);
			defaultConfigurationIsVisible = 0;
			defaultConfigurationName = Release;
		};
		7ABEBD9C27B17CED00CE7C0A /* Build configuration list for PBXNativeTarget "SOSiety (iOS)" */ = {
			isa = XCConfigurationList;
			buildConfigurations = (
				7ABEBD9D27B17CED00CE7C0A /* Debug */,
				7ABEBD9E27B17CED00CE7C0A /* Release */,
			);
			defaultConfigurationIsVisible = 0;
			defaultConfigurationName = Release;
		};
		7ABEBD9F27B17CED00CE7C0A /* Build configuration list for PBXNativeTarget "SOSiety (macOS)" */ = {
			isa = XCConfigurationList;
			buildConfigurations = (
				7ABEBDA027B17CED00CE7C0A /* Debug */,
				7ABEBDA127B17CED00CE7C0A /* Release */,
			);
			defaultConfigurationIsVisible = 0;
			defaultConfigurationName = Release;
		};
/* End XCConfigurationList section */
	};
	rootObject = 7ABEBD7F27B17CEB00CE7C0A /* Project object */;
}
